
Microsoft Visual Studio Solution File, Format Version 12.00
# Visual Studio 15
VisualStudioVersion = 15.0.26730.0
MinimumVisualStudioVersion = 10.0.40219.1
Project("{9A19103F-16F7-4668-BE54-9A1E7A4F7556}") = "Analyzer", "Analyzer\Analyzer.csproj", "{7E8CB405-06D9-4311-8CE7-73ACEB71CE68}"
EndProject
Project("{9A19103F-16F7-4668-BE54-9A1E7A4F7556}") = "Tests", "Tests\Tests.csproj", "{0C287F58-0DAC-4F72-9330-5EE4B073DADC}"
EndProject
Global
	GlobalSection(SolutionConfigurationPlatforms) = preSolution
		Debug|Any CPU = Debug|Any CPU
		Release|Any CPU = Release|Any CPU
	EndGlobalSection
	GlobalSection(ProjectConfigurationPlatforms) = postSolution
		{7E8CB405-06D9-4311-8CE7-73ACEB71CE68}.Debug|Any CPU.ActiveCfg = Debug|Any CPU
		{7E8CB405-06D9-4311-8CE7-73ACEB71CE68}.Debug|Any CPU.Build.0 = Debug|Any CPU
		{7E8CB405-06D9-4311-8CE7-73ACEB71CE68}.Release|Any CPU.ActiveCfg = Release|Any CPU
		{7E8CB405-06D9-4311-8CE7-73ACEB71CE68}.Release|Any CPU.Build.0 = Release|Any CPU
		{0C287F58-0DAC-4F72-9330-5EE4B073DADC}.Debug|Any CPU.ActiveCfg = Debug|Any CPU
		{0C287F58-0DAC-4F72-9330-5EE4B073DADC}.Debug|Any CPU.Build.0 = Debug|Any CPU
		{0C287F58-0DAC-4F72-9330-5EE4B073DADC}.Release|Any CPU.ActiveCfg = Release|Any CPU
		{0C287F58-0DAC-4F72-9330-5EE4B073DADC}.Release|Any CPU.Build.0 = Release|Any CPU
	EndGlobalSection
	GlobalSection(SolutionProperties) = preSolution
		HideSolutionNode = FALSE
	EndGlobalSection
	GlobalSection(ExtensibilityGlobals) = postSolution
		SolutionGuid = {83AB1974-CDE2-4540-A669-6D510C576D9E}
	EndGlobalSection
EndGlobal
